
Microsoft Visual Studio Solution File, Format Version 12.00
# Visual Studio Version 17
VisualStudioVersion = 17.5.33516.290
MinimumVisualStudioVersion = 10.0.40219.1
Project("{FAE04EC0-301F-11D3-BF4B-00C04F79EFBC}") = "Up2TehnologyProject", "Up2TehnologyProject\Up2TehnologyProject.csproj", "{8D2D79FB-8BBB-4929-96F7-CA105741FBA3}"
EndProject
Global
	GlobalSection(SolutionConfigurationPlatforms) = preSolution
		Debug|Any CPU = Debug|Any CPU
		Release|Any CPU = Release|Any CPU
	EndGlobalSection
	GlobalSection(ProjectConfigurationPlatforms) = postSolution
		{8D2D79FB-8BBB-4929-96F7-CA105741FBA3}.Debug|Any CPU.ActiveCfg = Debug|Any CPU
		{8D2D79FB-8BBB-4929-96F7-CA105741FBA3}.Debug|Any CPU.Build.0 = Debug|Any CPU
		{8D2D79FB-8BBB-4929-96F7-CA105741FBA3}.Release|Any CPU.ActiveCfg = Release|Any CPU
		{8D2D79FB-8BBB-4929-96F7-CA105741FBA3}.Release|Any CPU.Build.0 = Release|Any CPU
	EndGlobalSection
	GlobalSection(SolutionProperties) = preSolution
		HideSolutionNode = FALSE
	EndGlobalSection
	GlobalSection(ExtensibilityGlobals) = postSolution
		SolutionGuid = {60BA42EF-5504-4075-ABB1-E1C2614D4A96}
	EndGlobalSection
EndGlobal
